<?xml version="1.0" encoding="UTF-8"?>
<CodeBlocks_project_file>
	<FileVersion major="1" minor="6"/>
	<Project>
		<Option title="feature_tracking"/>
		<Option makefile_is_custom="1"/>
		<Option compiler="gcc"/>
		<Option virtualFolders="CMake Files\;CMake Files\cmake\;CMake Files\..\;CMake Files\..\..\;CMake Files\..\..\..\;CMake Files\..\..\..\..\;CMake Files\..\..\..\..\usr\;CMake Files\..\..\..\..\usr\share\;CMake Files\..\..\..\..\usr\share\OpenCV\;CMake Files\shutdown\;CMake Files\multithread\;CMake Files\buffer_davis\;CMake Files\buffer_csv\;CMake Files\rodtracking\;CMake Files\rodtracking_gl\;CMake Files\save_csv\;CMake Files\feature_tracking\;"/>
		<Build>
			<Target title="all">
				<Option working_dir="/home/hide/evl/examples/feature_tracking"/>
				<Option type="4"/>
				<MakeCommands>
					<Build command="/usr/bin/make -j8 -f &quot;/home/hide/evl/examples/feature_tracking/Makefile&quot;  VERBOSE=1 all"/>
					<CompileFile command="/usr/bin/make -j8 -f &quot;/home/hide/evl/examples/feature_tracking/Makefile&quot;  VERBOSE=1 &quot;$file&quot;"/>
					<Clean command="/usr/bin/make -j8 -f &quot;/home/hide/evl/examples/feature_tracking/Makefile&quot;  VERBOSE=1 clean"/>
					<DistClean command="/usr/bin/make -j8 -f &quot;/home/hide/evl/examples/feature_tracking/Makefile&quot;  VERBOSE=1 clean"/>
				</MakeCommands>
			</Target>
			<Target title="feature_tracking_bin">
				<Option output="/home/hide/evl/examples/feature_tracking_bin" prefix_auto="0" extension_auto="0"/>
				<Option working_dir="../"/>
				<Option object_output="./"/>
				<Option type="1"/>
				<Option compiler="gcc"/>
				<Compiler>
					<Add directory="/usr/include/opencv"/>
					<Add directory="/usr/local/include"/>
					<Add directory="/usr/include/libusb-1.0"/>
					<Add directory="/home/hide/evl/src"/>
					<Add directory="/usr/include/c++/4.9"/>
					<Add directory="/usr/include/x86_64-linux-gnu/c++/4.9"/>
					<Add directory="/usr/include/c++/4.9/backward"/>
					<Add directory="/usr/lib/gcc/x86_64-linux-gnu/4.9/include"/>
					<Add directory="/usr/lib/gcc/x86_64-linux-gnu/4.9/include-fixed"/>
					<Add directory="/usr/include/x86_64-linux-gnu"/>
					<Add directory="/usr/include"/>
				</Compiler>
				<MakeCommands>
					<Build command="/usr/bin/make -j8 -f &quot;/home/hide/evl/examples/feature_tracking/Makefile&quot;  VERBOSE=1 feature_tracking_bin"/>
					<CompileFile command="/usr/bin/make -j8 -f &quot;/home/hide/evl/examples/feature_tracking/Makefile&quot;  VERBOSE=1 &quot;$file&quot;"/>
					<Clean command="/usr/bin/make -j8 -f &quot;/home/hide/evl/examples/feature_tracking/Makefile&quot;  VERBOSE=1 clean"/>
					<DistClean command="/usr/bin/make -j8 -f &quot;/home/hide/evl/examples/feature_tracking/Makefile&quot;  VERBOSE=1 clean"/>
				</MakeCommands>
			</Target>
			<Target title="feature_tracking_bin/fast">
				<Option output="/home/hide/evl/examples/feature_tracking_bin" prefix_auto="0" extension_auto="0"/>
				<Option working_dir="../"/>
				<Option object_output="./"/>
				<Option type="1"/>
				<Option compiler="gcc"/>
				<Compiler>
					<Add directory="/usr/include/opencv"/>
					<Add directory="/usr/local/include"/>
					<Add directory="/usr/include/libusb-1.0"/>
					<Add directory="/home/hide/evl/src"/>
					<Add directory="/usr/include/c++/4.9"/>
					<Add directory="/usr/include/x86_64-linux-gnu/c++/4.9"/>
					<Add directory="/usr/include/c++/4.9/backward"/>
					<Add directory="/usr/lib/gcc/x86_64-linux-gnu/4.9/include"/>
					<Add directory="/usr/lib/gcc/x86_64-linux-gnu/4.9/include-fixed"/>
					<Add directory="/usr/include/x86_64-linux-gnu"/>
					<Add directory="/usr/include"/>
				</Compiler>
				<MakeCommands>
					<Build command="/usr/bin/make -j8 -f &quot;/home/hide/evl/examples/feature_tracking/Makefile&quot;  VERBOSE=1 feature_tracking_bin/fast"/>
					<CompileFile command="/usr/bin/make -j8 -f &quot;/home/hide/evl/examples/feature_tracking/Makefile&quot;  VERBOSE=1 &quot;$file&quot;"/>
					<Clean command="/usr/bin/make -j8 -f &quot;/home/hide/evl/examples/feature_tracking/Makefile&quot;  VERBOSE=1 clean"/>
					<DistClean command="/usr/bin/make -j8 -f &quot;/home/hide/evl/examples/feature_tracking/Makefile&quot;  VERBOSE=1 clean"/>
				</MakeCommands>
			</Target>
		</Build>
		<Unit filename="/home/hide/evl/examples/feature_tracking/main.cpp">
			<Option target="feature_tracking_bin"/>
		</Unit>
		<Unit filename="/home/hide/evl/src/evl/core/buffer_csv.cpp">
			<Option target="feature_tracking_bin"/>
		</Unit>
		<Unit filename="/home/hide/evl/src/evl/core/buffer_csv.hpp">
			<Option target="feature_tracking_bin"/>
		</Unit>
		<Unit filename="/home/hide/evl/src/evl/core/buffer_davis.cpp">
			<Option target="feature_tracking_bin"/>
		</Unit>
		<Unit filename="/home/hide/evl/src/evl/core/buffer_davis.hpp">
			<Option target="feature_tracking_bin"/>
		</Unit>
		<Unit filename="/home/hide/evl/src/evl/core/common.hpp">
			<Option target="feature_tracking_bin"/>
		</Unit>
		<Unit filename="/home/hide/evl/src/evl/core/initialize_davis.cpp">
			<Option target="feature_tracking_bin"/>
		</Unit>
		<Unit filename="/home/hide/evl/src/evl/core/initialize_davis.hpp">
			<Option target="feature_tracking_bin"/>
		</Unit>
		<Unit filename="/home/hide/evl/src/evl/core/read_buffer.cpp">
			<Option target="feature_tracking_bin"/>
		</Unit>
		<Unit filename="/home/hide/evl/src/evl/core/read_buffer.hpp">
			<Option target="feature_tracking_bin"/>
		</Unit>
		<Unit filename="/home/hide/evl/src/evl/core/save_csv.cpp">
			<Option target="feature_tracking_bin"/>
		</Unit>
		<Unit filename="/home/hide/evl/src/evl/core/save_csv.hpp">
			<Option target="feature_tracking_bin"/>
		</Unit>
		<Unit filename="/home/hide/evl/src/evl/core/shutdown.cpp">
			<Option target="feature_tracking_bin"/>
		</Unit>
		<Unit filename="/home/hide/evl/src/evl/core/shutdown.hpp">
			<Option target="feature_tracking_bin"/>
		</Unit>
		<Unit filename="/home/hide/evl/src/evl/core/types.hpp">
			<Option target="feature_tracking_bin"/>
		</Unit>
		<Unit filename="/home/hide/evl/src/evl/imgproc/detection.cpp">
			<Option target="feature_tracking_bin"/>
		</Unit>
		<Unit filename="/home/hide/evl/src/evl/imgproc/detection.hpp">
			<Option target="feature_tracking_bin"/>
		</Unit>
		<Unit filename="/home/hide/evl/src/evl/utils/event_utils.cpp">
			<Option target="feature_tracking_bin"/>
		</Unit>
		<Unit filename="/home/hide/evl/src/evl/utils/event_utils.hpp">
			<Option target="feature_tracking_bin"/>
		</Unit>
		<Unit filename="/home/hide/evl/examples/CMakeLists.txt">
			<Option virtualFolder="CMake Files\"/>
		</Unit>
		<Unit filename="/home/hide/evl/examples/CMakeLists.shared">
			<Option virtualFolder="CMake Files\"/>
		</Unit>
		<Unit filename="/home/hide/evl/examples/CMakeLists.shared">
			<Option virtualFolder="CMake Files\"/>
		</Unit>
		<Unit filename="/home/hide/evl/examples/CMakeLists.shared">
			<Option virtualFolder="CMake Files\"/>
		</Unit>
		<Unit filename="/home/hide/evl/examples/CMakeLists.shared">
			<Option virtualFolder="CMake Files\"/>
		</Unit>
		<Unit filename="/home/hide/evl/examples/CMakeLists.shared">
			<Option virtualFolder="CMake Files\"/>
		</Unit>
		<Unit filename="/home/hide/evl/examples/CMakeLists.shared">
			<Option virtualFolder="CMake Files\"/>
		</Unit>
		<Unit filename="/home/hide/evl/examples/CMakeLists.shared">
			<Option virtualFolder="CMake Files\"/>
		</Unit>
		<Unit filename="/home/hide/evl/examples/CMakeLists.shared">
			<Option virtualFolder="CMake Files\"/>
		</Unit>
		<Unit filename="/home/hide/evl/examples/CMakeLists.shared">
			<Option virtualFolder="CMake Files\"/>
		</Unit>
		<Unit filename="/home/hide/evl/examples/CMakeLists.shared">
			<Option virtualFolder="CMake Files\"/>
		</Unit>
		<Unit filename="/home/hide/evl/examples/CMakeLists.shared">
			<Option virtualFolder="CMake Files\"/>
		</Unit>
		<Unit filename="/home/hide/evl/examples/CMakeLists.shared">
			<Option virtualFolder="CMake Files\"/>
		</Unit>
		<Unit filename="/home/hide/evl/examples/CMakeLists.shared">
			<Option virtualFolder="CMake Files\"/>
		</Unit>
		<Unit filename="/home/hide/evl/examples/CMakeLists.shared">
			<Option virtualFolder="CMake Files\"/>
		</Unit>
		<Unit filename="/home/hide/evl/examples/CMakeLists.shared">
			<Option virtualFolder="CMake Files\"/>
		</Unit>
		<Unit filename="/home/hide/evl/examples/CMakeLists.shared">
			<Option virtualFolder="CMake Files\"/>
		</Unit>
		<Unit filename="/home/hide/evl/examples/CMakeLists.shared">
			<Option virtualFolder="CMake Files\"/>
		</Unit>
		<Unit filename="/home/hide/evl/examples/cmake/FindBoost.cmake">
			<Option virtualFolder="CMake Files\cmake\"/>
		</Unit>
		<Unit filename="/home/hide/evl/examples/cmake/FindEigen3.cmake">
			<Option virtualFolder="CMake Files\cmake\"/>
		</Unit>
		<Unit filename="/home/hide/evl/examples/cmake/Findlibcaer.cmake">
			<Option virtualFolder="CMake Files\cmake\"/>
		</Unit>
		<Unit filename="/home/hide/evl/examples/cmake/FindEVL.cmake">
			<Option virtualFolder="CMake Files\cmake\"/>
		</Unit>
		<Unit filename="/home/hide/evl/examples/cmake/FindBoost.cmake">
			<Option virtualFolder="CMake Files\cmake\"/>
		</Unit>
		<Unit filename="/home/hide/evl/examples/cmake/FindEigen3.cmake">
			<Option virtualFolder="CMake Files\cmake\"/>
		</Unit>
		<Unit filename="/home/hide/evl/examples/cmake/Findlibcaer.cmake">
			<Option virtualFolder="CMake Files\cmake\"/>
		</Unit>
		<Unit filename="/home/hide/evl/examples/cmake/FindEVL.cmake">
			<Option virtualFolder="CMake Files\cmake\"/>
		</Unit>
		<Unit filename="/home/hide/evl/examples/cmake/FindBoost.cmake">
			<Option virtualFolder="CMake Files\cmake\"/>
		</Unit>
		<Unit filename="/home/hide/evl/examples/cmake/FindEigen3.cmake">
			<Option virtualFolder="CMake Files\cmake\"/>
		</Unit>
		<Unit filename="/home/hide/evl/examples/cmake/Findlibcaer.cmake">
			<Option virtualFolder="CMake Files\cmake\"/>
		</Unit>
		<Unit filename="/home/hide/evl/examples/cmake/FindEVL.cmake">
			<Option virtualFolder="CMake Files\cmake\"/>
		</Unit>
		<Unit filename="/home/hide/evl/examples/cmake/FindBoost.cmake">
			<Option virtualFolder="CMake Files\cmake\"/>
		</Unit>
		<Unit filename="/home/hide/evl/examples/cmake/FindEigen3.cmake">
			<Option virtualFolder="CMake Files\cmake\"/>
		</Unit>
		<Unit filename="/home/hide/evl/examples/cmake/Findlibcaer.cmake">
			<Option virtualFolder="CMake Files\cmake\"/>
		</Unit>
		<Unit filename="/home/hide/evl/examples/cmake/FindEVL.cmake">
			<Option virtualFolder="CMake Files\cmake\"/>
		</Unit>
		<Unit filename="/home/hide/evl/examples/cmake/FindBoost.cmake">
			<Option virtualFolder="CMake Files\cmake\"/>
		</Unit>
		<Unit filename="/home/hide/evl/examples/cmake/FindEigen3.cmake">
			<Option virtualFolder="CMake Files\cmake\"/>
		</Unit>
		<Unit filename="/home/hide/evl/examples/cmake/Findlibcaer.cmake">
			<Option virtualFolder="CMake Files\cmake\"/>
		</Unit>
		<Unit filename="/home/hide/evl/examples/cmake/FindEVL.cmake">
			<Option virtualFolder="CMake Files\cmake\"/>
		</Unit>
		<Unit filename="/home/hide/evl/examples/cmake/FindBoost.cmake">
			<Option virtualFolder="CMake Files\cmake\"/>
		</Unit>
		<Unit filename="/home/hide/evl/examples/cmake/FindEigen3.cmake">
			<Option virtualFolder="CMake Files\cmake\"/>
		</Unit>
		<Unit filename="/home/hide/evl/examples/cmake/Findlibcaer.cmake">
			<Option virtualFolder="CMake Files\cmake\"/>
		</Unit>
		<Unit filename="/home/hide/evl/examples/cmake/FindEVL.cmake">
			<Option virtualFolder="CMake Files\cmake\"/>
		</Unit>
		<Unit filename="/home/hide/evl/examples/cmake/FindBoost.cmake">
			<Option virtualFolder="CMake Files\cmake\"/>
		</Unit>
		<Unit filename="/home/hide/evl/examples/cmake/FindEigen3.cmake">
			<Option virtualFolder="CMake Files\cmake\"/>
		</Unit>
		<Unit filename="/home/hide/evl/examples/cmake/Findlibcaer.cmake">
			<Option virtualFolder="CMake Files\cmake\"/>
		</Unit>
		<Unit filename="/home/hide/evl/examples/cmake/FindEVL.cmake">
			<Option virtualFolder="CMake Files\cmake\"/>
		</Unit>
		<Unit filename="/home/hide/evl/examples/cmake/FindBoost.cmake">
			<Option virtualFolder="CMake Files\cmake\"/>
		</Unit>
		<Unit filename="/home/hide/evl/examples/cmake/FindEigen3.cmake">
			<Option virtualFolder="CMake Files\cmake\"/>
		</Unit>
		<Unit filename="/home/hide/evl/examples/cmake/Findlibcaer.cmake">
			<Option virtualFolder="CMake Files\cmake\"/>
		</Unit>
		<Unit filename="/home/hide/evl/examples/cmake/FindEVL.cmake">
			<Option virtualFolder="CMake Files\cmake\"/>
		</Unit>
		<Unit filename="/home/hide/evl/examples/cmake/FindBoost.cmake">
			<Option virtualFolder="CMake Files\cmake\"/>
		</Unit>
		<Unit filename="/home/hide/evl/examples/cmake/FindEigen3.cmake">
			<Option virtualFolder="CMake Files\cmake\"/>
		</Unit>
		<Unit filename="/home/hide/evl/examples/cmake/Findlibcaer.cmake">
			<Option virtualFolder="CMake Files\cmake\"/>
		</Unit>
		<Unit filename="/home/hide/evl/examples/cmake/FindEVL.cmake">
			<Option virtualFolder="CMake Files\cmake\"/>
		</Unit>
		<Unit filename="/home/hide/evl/examples/cmake/FindBoost.cmake">
			<Option virtualFolder="CMake Files\cmake\"/>
		</Unit>
		<Unit filename="/home/hide/evl/examples/cmake/FindEigen3.cmake">
			<Option virtualFolder="CMake Files\cmake\"/>
		</Unit>
		<Unit filename="/home/hide/evl/examples/cmake/Findlibcaer.cmake">
			<Option virtualFolder="CMake Files\cmake\"/>
		</Unit>
		<Unit filename="/home/hide/evl/examples/cmake/FindEVL.cmake">
			<Option virtualFolder="CMake Files\cmake\"/>
		</Unit>
		<Unit filename="/home/hide/evl/examples/cmake/FindBoost.cmake">
			<Option virtualFolder="CMake Files\cmake\"/>
		</Unit>
		<Unit filename="/home/hide/evl/examples/cmake/FindEigen3.cmake">
			<Option virtualFolder="CMake Files\cmake\"/>
		</Unit>
		<Unit filename="/home/hide/evl/examples/cmake/Findlibcaer.cmake">
			<Option virtualFolder="CMake Files\cmake\"/>
		</Unit>
		<Unit filename="/home/hide/evl/examples/cmake/FindEVL.cmake">
			<Option virtualFolder="CMake Files\cmake\"/>
		</Unit>
		<Unit filename="/home/hide/evl/examples/cmake/FindBoost.cmake">
			<Option virtualFolder="CMake Files\cmake\"/>
		</Unit>
		<Unit filename="/home/hide/evl/examples/cmake/FindEigen3.cmake">
			<Option virtualFolder="CMake Files\cmake\"/>
		</Unit>
		<Unit filename="/home/hide/evl/examples/cmake/Findlibcaer.cmake">
			<Option virtualFolder="CMake Files\cmake\"/>
		</Unit>
		<Unit filename="/home/hide/evl/examples/cmake/FindEVL.cmake">
			<Option virtualFolder="CMake Files\cmake\"/>
		</Unit>
		<Unit filename="/home/hide/evl/examples/cmake/FindBoost.cmake">
			<Option virtualFolder="CMake Files\cmake\"/>
		</Unit>
		<Unit filename="/home/hide/evl/examples/cmake/FindEigen3.cmake">
			<Option virtualFolder="CMake Files\cmake\"/>
		</Unit>
		<Unit filename="/home/hide/evl/examples/cmake/Findlibcaer.cmake">
			<Option virtualFolder="CMake Files\cmake\"/>
		</Unit>
		<Unit filename="/home/hide/evl/examples/cmake/FindEVL.cmake">
			<Option virtualFolder="CMake Files\cmake\"/>
		</Unit>
		<Unit filename="/home/hide/evl/examples/cmake/FindBoost.cmake">
			<Option virtualFolder="CMake Files\cmake\"/>
		</Unit>
		<Unit filename="/home/hide/evl/examples/cmake/FindEigen3.cmake">
			<Option virtualFolder="CMake Files\cmake\"/>
		</Unit>
		<Unit filename="/home/hide/evl/examples/cmake/Findlibcaer.cmake">
			<Option virtualFolder="CMake Files\cmake\"/>
		</Unit>
		<Unit filename="/home/hide/evl/examples/cmake/FindEVL.cmake">
			<Option virtualFolder="CMake Files\cmake\"/>
		</Unit>
		<Unit filename="/home/hide/evl/examples/cmake/FindBoost.cmake">
			<Option virtualFolder="CMake Files\cmake\"/>
		</Unit>
		<Unit filename="/home/hide/evl/examples/cmake/FindEigen3.cmake">
			<Option virtualFolder="CMake Files\cmake\"/>
		</Unit>
		<Unit filename="/home/hide/evl/examples/cmake/Findlibcaer.cmake">
			<Option virtualFolder="CMake Files\cmake\"/>
		</Unit>
		<Unit filename="/home/hide/evl/examples/cmake/FindEVL.cmake">
			<Option virtualFolder="CMake Files\cmake\"/>
		</Unit>
		<Unit filename="/home/hide/evl/examples/cmake/FindBoost.cmake">
			<Option virtualFolder="CMake Files\cmake\"/>
		</Unit>
		<Unit filename="/home/hide/evl/examples/cmake/FindEigen3.cmake">
			<Option virtualFolder="CMake Files\cmake\"/>
		</Unit>
		<Unit filename="/home/hide/evl/examples/cmake/Findlibcaer.cmake">
			<Option virtualFolder="CMake Files\cmake\"/>
		</Unit>
		<Unit filename="/home/hide/evl/examples/cmake/FindEVL.cmake">
			<Option virtualFolder="CMake Files\cmake\"/>
		</Unit>
		<Unit filename="/home/hide/evl/examples/cmake/FindBoost.cmake">
			<Option virtualFolder="CMake Files\cmake\"/>
		</Unit>
		<Unit filename="/home/hide/evl/examples/cmake/FindEigen3.cmake">
			<Option virtualFolder="CMake Files\cmake\"/>
		</Unit>
		<Unit filename="/home/hide/evl/examples/cmake/Findlibcaer.cmake">
			<Option virtualFolder="CMake Files\cmake\"/>
		</Unit>
		<Unit filename="/home/hide/evl/examples/cmake/FindEVL.cmake">
			<Option virtualFolder="CMake Files\cmake\"/>
		</Unit>
		<Unit filename="/home/hide/evl/examples/../../../../usr/share/OpenCV/OpenCVConfig-version.cmake">
			<Option virtualFolder="CMake Files\..\..\..\..\usr\share\OpenCV\"/>
		</Unit>
		<Unit filename="/home/hide/evl/examples/../../../../usr/share/OpenCV/OpenCVConfig.cmake">
			<Option virtualFolder="CMake Files\..\..\..\..\usr\share\OpenCV\"/>
		</Unit>
		<Unit filename="/home/hide/evl/examples/../../../../usr/share/OpenCV/OpenCVModules.cmake">
			<Option virtualFolder="CMake Files\..\..\..\..\usr\share\OpenCV\"/>
		</Unit>
		<Unit filename="/home/hide/evl/examples/../../../../usr/share/OpenCV/OpenCVModules-release.cmake">
			<Option virtualFolder="CMake Files\..\..\..\..\usr\share\OpenCV\"/>
		</Unit>
		<Unit filename="/home/hide/evl/examples/../../../../usr/share/OpenCV/OpenCVConfig-version.cmake">
			<Option virtualFolder="CMake Files\..\..\..\..\usr\share\OpenCV\"/>
		</Unit>
		<Unit filename="/home/hide/evl/examples/../../../../usr/share/OpenCV/OpenCVConfig.cmake">
			<Option virtualFolder="CMake Files\..\..\..\..\usr\share\OpenCV\"/>
		</Unit>
		<Unit filename="/home/hide/evl/examples/../../../../usr/share/OpenCV/OpenCVConfig-version.cmake">
			<Option virtualFolder="CMake Files\..\..\..\..\usr\share\OpenCV\"/>
		</Unit>
		<Unit filename="/home/hide/evl/examples/../../../../usr/share/OpenCV/OpenCVConfig.cmake">
			<Option virtualFolder="CMake Files\..\..\..\..\usr\share\OpenCV\"/>
		</Unit>
		<Unit filename="/home/hide/evl/examples/../../../../usr/share/OpenCV/OpenCVConfig-version.cmake">
			<Option virtualFolder="CMake Files\..\..\..\..\usr\share\OpenCV\"/>
		</Unit>
		<Unit filename="/home/hide/evl/examples/../../../../usr/share/OpenCV/OpenCVConfig.cmake">
			<Option virtualFolder="CMake Files\..\..\..\..\usr\share\OpenCV\"/>
		</Unit>
		<Unit filename="/home/hide/evl/examples/../../../../usr/share/OpenCV/OpenCVConfig-version.cmake">
			<Option virtualFolder="CMake Files\..\..\..\..\usr\share\OpenCV\"/>
		</Unit>
		<Unit filename="/home/hide/evl/examples/../../../../usr/share/OpenCV/OpenCVConfig.cmake">
			<Option virtualFolder="CMake Files\..\..\..\..\usr\share\OpenCV\"/>
		</Unit>
		<Unit filename="/home/hide/evl/examples/../../../../usr/share/OpenCV/OpenCVConfig-version.cmake">
			<Option virtualFolder="CMake Files\..\..\..\..\usr\share\OpenCV\"/>
		</Unit>
		<Unit filename="/home/hide/evl/examples/../../../../usr/share/OpenCV/OpenCVConfig.cmake">
			<Option virtualFolder="CMake Files\..\..\..\..\usr\share\OpenCV\"/>
		</Unit>
		<Unit filename="/home/hide/evl/examples/../../../../usr/share/OpenCV/OpenCVConfig-version.cmake">
			<Option virtualFolder="CMake Files\..\..\..\..\usr\share\OpenCV\"/>
		</Unit>
		<Unit filename="/home/hide/evl/examples/../../../../usr/share/OpenCV/OpenCVConfig.cmake">
			<Option virtualFolder="CMake Files\..\..\..\..\usr\share\OpenCV\"/>
		</Unit>
		<Unit filename="/home/hide/evl/examples/../../../../usr/share/OpenCV/OpenCVConfig-version.cmake">
			<Option virtualFolder="CMake Files\..\..\..\..\usr\share\OpenCV\"/>
		</Unit>
		<Unit filename="/home/hide/evl/examples/../../../../usr/share/OpenCV/OpenCVConfig.cmake">
			<Option virtualFolder="CMake Files\..\..\..\..\usr\share\OpenCV\"/>
		</Unit>
		<Unit filename="/home/hide/evl/examples/../../../../usr/share/OpenCV/OpenCVConfig-version.cmake">
			<Option virtualFolder="CMake Files\..\..\..\..\usr\share\OpenCV\"/>
		</Unit>
		<Unit filename="/home/hide/evl/examples/../../../../usr/share/OpenCV/OpenCVConfig.cmake">
			<Option virtualFolder="CMake Files\..\..\..\..\usr\share\OpenCV\"/>
		</Unit>
		<Unit filename="/home/hide/evl/examples/../../../../usr/share/OpenCV/OpenCVConfig-version.cmake">
			<Option virtualFolder="CMake Files\..\..\..\..\usr\share\OpenCV\"/>
		</Unit>
		<Unit filename="/home/hide/evl/examples/../../../../usr/share/OpenCV/OpenCVConfig.cmake">
			<Option virtualFolder="CMake Files\..\..\..\..\usr\share\OpenCV\"/>
		</Unit>
		<Unit filename="/home/hide/evl/examples/../../../../usr/share/OpenCV/OpenCVConfig-version.cmake">
			<Option virtualFolder="CMake Files\..\..\..\..\usr\share\OpenCV\"/>
		</Unit>
		<Unit filename="/home/hide/evl/examples/../../../../usr/share/OpenCV/OpenCVConfig.cmake">
			<Option virtualFolder="CMake Files\..\..\..\..\usr\share\OpenCV\"/>
		</Unit>
		<Unit filename="/home/hide/evl/examples/../../../../usr/share/OpenCV/OpenCVConfig-version.cmake">
			<Option virtualFolder="CMake Files\..\..\..\..\usr\share\OpenCV\"/>
		</Unit>
		<Unit filename="/home/hide/evl/examples/../../../../usr/share/OpenCV/OpenCVConfig.cmake">
			<Option virtualFolder="CMake Files\..\..\..\..\usr\share\OpenCV\"/>
		</Unit>
		<Unit filename="/home/hide/evl/examples/../../../../usr/share/OpenCV/OpenCVConfig-version.cmake">
			<Option virtualFolder="CMake Files\..\..\..\..\usr\share\OpenCV\"/>
		</Unit>
		<Unit filename="/home/hide/evl/examples/../../../../usr/share/OpenCV/OpenCVConfig.cmake">
			<Option virtualFolder="CMake Files\..\..\..\..\usr\share\OpenCV\"/>
		</Unit>
		<Unit filename="/home/hide/evl/examples/../../../../usr/share/OpenCV/OpenCVConfig-version.cmake">
			<Option virtualFolder="CMake Files\..\..\..\..\usr\share\OpenCV\"/>
		</Unit>
		<Unit filename="/home/hide/evl/examples/../../../../usr/share/OpenCV/OpenCVConfig.cmake">
			<Option virtualFolder="CMake Files\..\..\..\..\usr\share\OpenCV\"/>
		</Unit>
		<Unit filename="/home/hide/evl/examples/../../../../usr/share/OpenCV/OpenCVConfig-version.cmake">
			<Option virtualFolder="CMake Files\..\..\..\..\usr\share\OpenCV\"/>
		</Unit>
		<Unit filename="/home/hide/evl/examples/../../../../usr/share/OpenCV/OpenCVConfig.cmake">
			<Option virtualFolder="CMake Files\..\..\..\..\usr\share\OpenCV\"/>
		</Unit>
		<Unit filename="/home/hide/evl/examples/../../../../usr/share/OpenCV/OpenCVConfig-version.cmake">
			<Option virtualFolder="CMake Files\..\..\..\..\usr\share\OpenCV\"/>
		</Unit>
		<Unit filename="/home/hide/evl/examples/../../../../usr/share/OpenCV/OpenCVConfig.cmake">
			<Option virtualFolder="CMake Files\..\..\..\..\usr\share\OpenCV\"/>
		</Unit>
		<Unit filename="/home/hide/evl/examples/../../../../usr/share/OpenCV/OpenCVConfig-version.cmake">
			<Option virtualFolder="CMake Files\..\..\..\..\usr\share\OpenCV\"/>
		</Unit>
		<Unit filename="/home/hide/evl/examples/../../../../usr/share/OpenCV/OpenCVConfig.cmake">
			<Option virtualFolder="CMake Files\..\..\..\..\usr\share\OpenCV\"/>
		</Unit>
		<Unit filename="/home/hide/evl/examples/shutdown/CMakeLists.txt">
			<Option virtualFolder="CMake Files\shutdown\"/>
		</Unit>
		<Unit filename="/home/hide/evl/examples/shutdown/CMakeLists.txt">
			<Option virtualFolder="CMake Files\shutdown\"/>
		</Unit>
		<Unit filename="/home/hide/evl/examples/multithread/CMakeLists.txt">
			<Option virtualFolder="CMake Files\multithread\"/>
		</Unit>
		<Unit filename="/home/hide/evl/examples/multithread/CMakeLists.txt">
			<Option virtualFolder="CMake Files\multithread\"/>
		</Unit>
		<Unit filename="/home/hide/evl/examples/buffer_davis/CMakeLists.txt">
			<Option virtualFolder="CMake Files\buffer_davis\"/>
		</Unit>
		<Unit filename="/home/hide/evl/examples/buffer_davis/CMakeLists.txt">
			<Option virtualFolder="CMake Files\buffer_davis\"/>
		</Unit>
		<Unit filename="/home/hide/evl/examples/buffer_csv/CMakeLists.txt">
			<Option virtualFolder="CMake Files\buffer_csv\"/>
		</Unit>
		<Unit filename="/home/hide/evl/examples/buffer_csv/CMakeLists.txt">
			<Option virtualFolder="CMake Files\buffer_csv\"/>
		</Unit>
		<Unit filename="/home/hide/evl/examples/rodtracking/CMakeLists.txt">
			<Option virtualFolder="CMake Files\rodtracking\"/>
		</Unit>
		<Unit filename="/home/hide/evl/examples/rodtracking/CMakeLists.txt">
			<Option virtualFolder="CMake Files\rodtracking\"/>
		</Unit>
		<Unit filename="/home/hide/evl/examples/rodtracking_gl/CMakeLists.txt">
			<Option virtualFolder="CMake Files\rodtracking_gl\"/>
		</Unit>
		<Unit filename="/home/hide/evl/examples/rodtracking_gl/CMakeLists.txt">
			<Option virtualFolder="CMake Files\rodtracking_gl\"/>
		</Unit>
		<Unit filename="/home/hide/evl/examples/save_csv/CMakeLists.txt">
			<Option virtualFolder="CMake Files\save_csv\"/>
		</Unit>
		<Unit filename="/home/hide/evl/examples/save_csv/CMakeLists.txt">
			<Option virtualFolder="CMake Files\save_csv\"/>
		</Unit>
		<Unit filename="/home/hide/evl/examples/feature_tracking/CMakeLists.txt">
			<Option virtualFolder="CMake Files\feature_tracking\"/>
		</Unit>
		<Unit filename="/home/hide/evl/examples/feature_tracking/CMakeLists.txt">
			<Option virtualFolder="CMake Files\feature_tracking\"/>
		</Unit>
	</Project>
</CodeBlocks_project_file>
